
Microsoft Visual Studio Solution File, Format Version 12.00
# Visual Studio Version 16
VisualStudioVersion = 16.0.31129.286
MinimumVisualStudioVersion = 10.0.40219.1
Project("{9A19103F-16F7-4668-BE54-9A1E7A4F7556}") = "Exomia.Logging", "src\Exomia.Logging\Exomia.Logging.csproj", "{588EB8D2-C2AD-43F0-9DF1-0F9767335AF9}"
EndProject
Project("{2150E333-8FDC-42A3-9474-1A3956D46DE8}") = "Solution Items", "Solution Items", "{11DCA476-8271-4BF8-8DC8-28ADA2861638}"
	ProjectSection(SolutionItems) = preProject
		.editorconfig = .editorconfig
	EndProjectSection
EndProject
Global
	GlobalSection(SolutionConfigurationPlatforms) = preSolution
		Debug|Any CPU = Debug|Any CPU
		Debug|x64 = Debug|x64
		Debug|x86 = Debug|x86
		Release|Any CPU = Release|Any CPU
		Release|x64 = Release|x64
		Release|x86 = Release|x86
	EndGlobalSection
	GlobalSection(ProjectConfigurationPlatforms) = postSolution
		{588EB8D2-C2AD-43F0-9DF1-0F9767335AF9}.Debug|Any CPU.ActiveCfg = Debug|Any CPU
		{588EB8D2-C2AD-43F0-9DF1-0F9767335AF9}.Debug|Any CPU.Build.0 = Debug|Any CPU
		{588EB8D2-C2AD-43F0-9DF1-0F9767335AF9}.Debug|x64.ActiveCfg = Debug|x64
		{588EB8D2-C2AD-43F0-9DF1-0F9767335AF9}.Debug|x64.Build.0 = Debug|x64
		{588EB8D2-C2AD-43F0-9DF1-0F9767335AF9}.Debug|x86.ActiveCfg = Debug|x86
		{588EB8D2-C2AD-43F0-9DF1-0F9767335AF9}.Debug|x86.Build.0 = Debug|x86
		{588EB8D2-C2AD-43F0-9DF1-0F9767335AF9}.Release|Any CPU.ActiveCfg = Release|Any CPU
		{588EB8D2-C2AD-43F0-9DF1-0F9767335AF9}.Release|Any CPU.Build.0 = Release|Any CPU
		{588EB8D2-C2AD-43F0-9DF1-0F9767335AF9}.Release|x64.ActiveCfg = Release|x64
		{588EB8D2-C2AD-43F0-9DF1-0F9767335AF9}.Release|x64.Build.0 = Release|x64
		{588EB8D2-C2AD-43F0-9DF1-0F9767335AF9}.Release|x86.ActiveCfg = Release|x86
		{588EB8D2-C2AD-43F0-9DF1-0F9767335AF9}.Release|x86.Build.0 = Release|x86
	EndGlobalSection
	GlobalSection(SolutionProperties) = preSolution
		HideSolutionNode = FALSE
	EndGlobalSection
	GlobalSection(ExtensibilityGlobals) = postSolution
		SolutionGuid = {0E18DA85-C3E2-44A3-8574-D06F9D88F2E6}
	EndGlobalSection
EndGlobal
